
Microsoft Visual Studio Solution File, Format Version 12.00
# Visual Studio Version 16
VisualStudioVersion = 16.0.30523.141
MinimumVisualStudioVersion = 10.0.40219.1
Project("{FAE04EC0-301F-11D3-BF4B-00C04F79EFBC}") = "Employee Masterlist", "Employee Masterlist\Employee Masterlist.csproj", "{9FFD466B-35E4-44F9-8292-DBC1A06B0B5B}"
EndProject
Global
	GlobalSection(SolutionConfigurationPlatforms) = preSolution
		Debug|Any CPU = Debug|Any CPU
		Release|Any CPU = Release|Any CPU
	EndGlobalSection
	GlobalSection(ProjectConfigurationPlatforms) = postSolution
		{9FFD466B-35E4-44F9-8292-DBC1A06B0B5B}.Debug|Any CPU.ActiveCfg = Debug|Any CPU
		{9FFD466B-35E4-44F9-8292-DBC1A06B0B5B}.Debug|Any CPU.Build.0 = Debug|Any CPU
		{9FFD466B-35E4-44F9-8292-DBC1A06B0B5B}.Release|Any CPU.ActiveCfg = Release|Any CPU
		{9FFD466B-35E4-44F9-8292-DBC1A06B0B5B}.Release|Any CPU.Build.0 = Release|Any CPU
	EndGlobalSection
	GlobalSection(SolutionProperties) = preSolution
		HideSolutionNode = FALSE
	EndGlobalSection
	GlobalSection(ExtensibilityGlobals) = postSolution
		SolutionGuid = {AA057348-0596-4C30-A1AF-C0E884CA3B22}
	EndGlobalSection
EndGlobal
